// !$*UTF8*$!
{
	archiveVersion = 1;
	classes = {
	};
	objectVersion = 50;
	objects = {

/* Begin PBXBuildFile section */
		334DFC7F23D0D54F00D5E6FE /* Background.png in Resources */ = {isa = PBXBuildFile; fileRef = 334DFC7A23D0D54E00D5E6FE /* Background.png */; };
		334DFC8023D0D54F00D5E6FE /* Background_2.png in Resources */ = {isa = PBXBuildFile; fileRef = 334DFC7B23D0D54F00D5E6FE /* Background_2.png */; };
		334DFC8123D0D54F00D5E6FE /* Tree.png in Resources */ = {isa = PBXBuildFile; fileRef = 334DFC7C23D0D54F00D5E6FE /* Tree.png */; };
		334DFC8223D0D54F00D5E6FE /* Apple.png in Resources */ = {isa = PBXBuildFile; fileRef = 334DFC7D23D0D54F00D5E6FE /* Apple.png */; };
		334DFC8323D0D54F00D5E6FE /* FINAL_BACKGROUND.png in Resources */ = {isa = PBXBuildFile; fileRef = 334DFC7E23D0D54F00D5E6FE /* FINAL_BACKGROUND.png */; };
		334DFC8523D0E74A00D5E6FE /* FINAL_BACKGROUND_2.png in Resources */ = {isa = PBXBuildFile; fileRef = 334DFC8423D0E74A00D5E6FE /* FINAL_BACKGROUND_2.png */; };
		334DFC8723D1503700D5E6FE /* YOU_LOSE.png in Resources */ = {isa = PBXBuildFile; fileRef = 334DFC8623D1503700D5E6FE /* YOU_LOSE.png */; };
		334DFC8923D15C3B00D5E6FE /* YOU_WIN.png in Resources */ = {isa = PBXBuildFile; fileRef = 334DFC8823D15C3A00D5E6FE /* YOU_WIN.png */; };
		334DFC8B23D16C2D00D5E6FE /* APPLICATION_ICON.png in Resources */ = {isa = PBXBuildFile; fileRef = 334DFC8A23D16C2D00D5E6FE /* APPLICATION_ICON.png */; };
		334DFC8D23D216E500D5E6FE /* APP_ICON_2.png in Resources */ = {isa = PBXBuildFile; fileRef = 334DFC8C23D216E500D5E6FE /* APP_ICON_2.png */; };
		334DFC8F23D217DC00D5E6FE /* LOADING_SCREEN.png in Resources */ = {isa = PBXBuildFile; fileRef = 334DFC8E23D217DC00D5E6FE /* LOADING_SCREEN.png */; };
		334DFC9123D2188200D5E6FE /* CATEGORY_PICKER.png in Resources */ = {isa = PBXBuildFile; fileRef = 334DFC9023D2188200D5E6FE /* CATEGORY_PICKER.png */; };
		334DFC9823D254BE00D5E6FE /* AppelationMainTheme.wav in Resources */ = {isa = PBXBuildFile; fileRef = 334DFC9623D254BD00D5E6FE /* AppelationMainTheme.wav */; };
		334DFC9C23D2712000D5E6FE /* CATEGORY_PICKER_2.png in Resources */ = {isa = PBXBuildFile; fileRef = 334DFC9B23D2712000D5E6FE /* CATEGORY_PICKER_2.png */; };
		334DFC9E23D2B21300D5E6FE /* CATEGORY_PICKER_3.png in Resources */ = {isa = PBXBuildFile; fileRef = 334DFC9D23D2B21300D5E6FE /* CATEGORY_PICKER_3.png */; };
		334DFCA023D2B6A900D5E6FE /* AudioManager.swift in Sources */ = {isa = PBXBuildFile; fileRef = 334DFC9F23D2B6A900D5E6FE /* AudioManager.swift */; };
		334DFCA423D3656200D5E6FE /* LoseApple.wav in Resources */ = {isa = PBXBuildFile; fileRef = 334DFCA223D3656200D5E6FE /* LoseApple.wav */; };
		334DFCA623D3B44B00D5E6FE /* YouWinSong.wav in Resources */ = {isa = PBXBuildFile; fileRef = 334DFCA523D3B44B00D5E6FE /* YouWinSong.wav */; };
		334DFCA823D3C91600D5E6FE /* YouLoseSong.wav in Resources */ = {isa = PBXBuildFile; fileRef = 334DFCA723D3C91600D5E6FE /* YouLoseSong.wav */; };
		334DFCB323D3D34300D5E6FE /* RightLetter.wav in Resources */ = {isa = PBXBuildFile; fileRef = 334DFCB223D3D34300D5E6FE /* RightLetter.wav */; };
		33676C0023D64EFF00962923 /* ENLARGED_WIN_SCREEN_2.png in Resources */ = {isa = PBXBuildFile; fileRef = 33676BFF23D64EFF00962923 /* ENLARGED_WIN_SCREEN_2.png */; };
		5183793B23CDEE1300720471 /* AppDelegate.swift in Sources */ = {isa = PBXBuildFile; fileRef = 5183793A23CDEE1300720471 /* AppDelegate.swift */; };
		5183793D23CDEE1300720471 /* ViewController.swift in Sources */ = {isa = PBXBuildFile; fileRef = 5183793C23CDEE1300720471 /* ViewController.swift */; };
		5183794023CDEE1300720471 /* Main.storyboard in Resources */ = {isa = PBXBuildFile; fileRef = 5183793E23CDEE1300720471 /* Main.storyboard */; };
		5183794223CDEE2300720471 /* Assets.xcassets in Resources */ = {isa = PBXBuildFile; fileRef = 5183794123CDEE2300720471 /* Assets.xcassets */; };
		5183794523CDEE2300720471 /* LaunchScreen.storyboard in Resources */ = {isa = PBXBuildFile; fileRef = 5183794323CDEE2300720471 /* LaunchScreen.storyboard */; };
		5183794F23CE5FE500720471 /* treeViewController.swift in Sources */ = {isa = PBXBuildFile; fileRef = 5183794E23CE5FE500720471 /* treeViewController.swift */; };
		51A604B023D120E800E40900 /* endScreenController.swift in Sources */ = {isa = PBXBuildFile; fileRef = 51A604AF23D120E700E40900 /* endScreenController.swift */; };
/* End PBXBuildFile section */

/* Begin PBXFileReference section */
		334DFC7A23D0D54E00D5E6FE /* Background.png */ = {isa = PBXFileReference; lastKnownFileType = image.png; name = Background.png; path = UpsetTheAppleTree/GameArt/Background.png; sourceTree = SOURCE_ROOT; };
		334DFC7B23D0D54F00D5E6FE /* Background_2.png */ = {isa = PBXFileReference; lastKnownFileType = image.png; name = Background_2.png; path = UpsetTheAppleTree/GameArt/Background_2.png; sourceTree = SOURCE_ROOT; };
		334DFC7C23D0D54F00D5E6FE /* Tree.png */ = {isa = PBXFileReference; lastKnownFileType = image.png; name = Tree.png; path = UpsetTheAppleTree/GameArt/Tree.png; sourceTree = SOURCE_ROOT; };
		334DFC7D23D0D54F00D5E6FE /* Apple.png */ = {isa = PBXFileReference; lastKnownFileType = image.png; name = Apple.png; path = UpsetTheAppleTree/Apple.png; sourceTree = SOURCE_ROOT; };
		334DFC7E23D0D54F00D5E6FE /* FINAL_BACKGROUND.png */ = {isa = PBXFileReference; lastKnownFileType = image.png; name = FINAL_BACKGROUND.png; path = UpsetTheAppleTree/GameArt/FINAL_BACKGROUND.png; sourceTree = SOURCE_ROOT; };
		334DFC8423D0E74A00D5E6FE /* FINAL_BACKGROUND_2.png */ = {isa = PBXFileReference; lastKnownFileType = image.png; name = FINAL_BACKGROUND_2.png; path = UpsetTheAppleTree/FINAL_BACKGROUND_2.png; sourceTree = SOURCE_ROOT; };
		334DFC8623D1503700D5E6FE /* YOU_LOSE.png */ = {isa = PBXFileReference; lastKnownFileType = image.png; name = YOU_LOSE.png; path = UpsetTheAppleTree/GameArt/YOU_LOSE.png; sourceTree = SOURCE_ROOT; };
		334DFC8823D15C3A00D5E6FE /* YOU_WIN.png */ = {isa = PBXFileReference; lastKnownFileType = image.png; name = YOU_WIN.png; path = UpsetTheAppleTree/GameArt/YOU_WIN.png; sourceTree = SOURCE_ROOT; };
		334DFC8A23D16C2D00D5E6FE /* APPLICATION_ICON.png */ = {isa = PBXFileReference; lastKnownFileType = image.png; name = APPLICATION_ICON.png; path = UpsetTheAppleTree/GameArt/APPLICATION_ICON.png; sourceTree = SOURCE_ROOT; };
		334DFC8C23D216E500D5E6FE /* APP_ICON_2.png */ = {isa = PBXFileReference; lastKnownFileType = image.png; name = APP_ICON_2.png; path = UpsetTheAppleTree/GameArt/APP_ICON_2.png; sourceTree = SOURCE_ROOT; };
		334DFC8E23D217DC00D5E6FE /* LOADING_SCREEN.png */ = {isa = PBXFileReference; lastKnownFileType = image.png; name = LOADING_SCREEN.png; path = UpsetTheAppleTree/GameArt/LOADING_SCREEN.png; sourceTree = SOURCE_ROOT; };
		334DFC9023D2188200D5E6FE /* CATEGORY_PICKER.png */ = {isa = PBXFileReference; lastKnownFileType = image.png; name = CATEGORY_PICKER.png; path = UpsetTheAppleTree/GameArt/CATEGORY_PICKER.png; sourceTree = SOURCE_ROOT; };
		334DFC9623D254BD00D5E6FE /* AppelationMainTheme.wav */ = {isa = PBXFileReference; lastKnownFileType = audio.wav; name = AppelationMainTheme.wav; path = UpsetTheAppleTree/Music/AppelationMainTheme.wav; sourceTree = SOURCE_ROOT; };
		334DFC9B23D2712000D5E6FE /* CATEGORY_PICKER_2.png */ = {isa = PBXFileReference; lastKnownFileType = image.png; name = CATEGORY_PICKER_2.png; path = UpsetTheAppleTree/GameArt/CATEGORY_PICKER_2.png; sourceTree = SOURCE_ROOT; };
		334DFC9D23D2B21300D5E6FE /* CATEGORY_PICKER_3.png */ = {isa = PBXFileReference; lastKnownFileType = image.png; path = CATEGORY_PICKER_3.png; sourceTree = "<group>"; };
		334DFC9F23D2B6A900D5E6FE /* AudioManager.swift */ = {isa = PBXFileReference; lastKnownFileType = sourcecode.swift; path = AudioManager.swift; sourceTree = "<group>"; };
		334DFCA223D3656200D5E6FE /* LoseApple.wav */ = {isa = PBXFileReference; lastKnownFileType = audio.wav; name = LoseApple.wav; path = Audio/SFX/LoseApple.wav; sourceTree = SOURCE_ROOT; };
		334DFCA523D3B44B00D5E6FE /* YouWinSong.wav */ = {isa = PBXFileReference; lastKnownFileType = audio.wav; path = YouWinSong.wav; sourceTree = "<group>"; };
		334DFCA723D3C91600D5E6FE /* YouLoseSong.wav */ = {isa = PBXFileReference; lastKnownFileType = audio.wav; path = YouLoseSong.wav; sourceTree = "<group>"; };
		334DFCB223D3D34300D5E6FE /* RightLetter.wav */ = {isa = PBXFileReference; lastKnownFileType = audio.wav; name = RightLetter.wav; path = UpsetTheAppleTree/Music/RightLetter.wav; sourceTree = SOURCE_ROOT; };
		33676BFF23D64EFF00962923 /* ENLARGED_WIN_SCREEN_2.png */ = {isa = PBXFileReference; lastKnownFileType = image.png; name = ENLARGED_WIN_SCREEN_2.png; path = GameArt/ENLARGED_WIN_SCREEN_2.png; sourceTree = "<group>"; };
		5183793723CDEE1300720471 /* UpsetTheAppleTree.app */ = {isa = PBXFileReference; explicitFileType = wrapper.application; includeInIndex = 0; path = UpsetTheAppleTree.app; sourceTree = BUILT_PRODUCTS_DIR; };
		5183793A23CDEE1300720471 /* AppDelegate.swift */ = {isa = PBXFileReference; lastKnownFileType = sourcecode.swift; path = AppDelegate.swift; sourceTree = "<group>"; };
		5183793C23CDEE1300720471 /* ViewController.swift */ = {isa = PBXFileReference; lastKnownFileType = sourcecode.swift; path = ViewController.swift; sourceTree = "<group>"; };
		5183793F23CDEE1300720471 /* Base */ = {isa = PBXFileReference; lastKnownFileType = file.storyboard; name = Base; path = Base.lproj/Main.storyboard; sourceTree = "<group>"; };
		5183794123CDEE2300720471 /* Assets.xcassets */ = {isa = PBXFileReference; lastKnownFileType = folder.assetcatalog; path = Assets.xcassets; sourceTree = "<group>"; };
		5183794423CDEE2300720471 /* Base */ = {isa = PBXFileReference; lastKnownFileType = file.storyboard; name = Base; path = Base.lproj/LaunchScreen.storyboard; sourceTree = "<group>"; };
		5183794623CDEE2300720471 /* Info.plist */ = {isa = PBXFileReference; lastKnownFileType = text.plist.xml; path = Info.plist; sourceTree = "<group>"; };
		5183794E23CE5FE500720471 /* treeViewController.swift */ = {isa = PBXFileReference; lastKnownFileType = sourcecode.swift; path = treeViewController.swift; sourceTree = "<group>"; };
		51A604AF23D120E700E40900 /* endScreenController.swift */ = {isa = PBXFileReference; lastKnownFileType = sourcecode.swift; path = endScreenController.swift; sourceTree = "<group>"; };
/* End PBXFileReference section */

/* Begin PBXFrameworksBuildPhase section */
		5183793423CDEE1300720471 /* Frameworks */ = {
			isa = PBXFrameworksBuildPhase;
			buildActionMask = 2147483647;
			files = (
			);
			runOnlyForDeploymentPostprocessing = 0;
		};
/* End PBXFrameworksBuildPhase section */

/* Begin PBXGroup section */
		334DFC9423D2522000D5E6FE /* GameArt */ = {
			isa = PBXGroup;
			children = (
				334DFC9D23D2B21300D5E6FE /* CATEGORY_PICKER_3.png */,
				334DFC9B23D2712000D5E6FE /* CATEGORY_PICKER_2.png */,
				334DFC7E23D0D54F00D5E6FE /* FINAL_BACKGROUND.png */,
				334DFC8E23D217DC00D5E6FE /* LOADING_SCREEN.png */,
				334DFC7C23D0D54F00D5E6FE /* Tree.png */,
				334DFC8623D1503700D5E6FE /* YOU_LOSE.png */,
				334DFC8823D15C3A00D5E6FE /* YOU_WIN.png */,
				334DFC8A23D16C2D00D5E6FE /* APPLICATION_ICON.png */,
				334DFC8C23D216E500D5E6FE /* APP_ICON_2.png */,
				334DFC7D23D0D54F00D5E6FE /* Apple.png */,
				334DFC7B23D0D54F00D5E6FE /* Background_2.png */,
				334DFC7A23D0D54E00D5E6FE /* Background.png */,
				334DFC9023D2188200D5E6FE /* CATEGORY_PICKER.png */,
				334DFC8423D0E74A00D5E6FE /* FINAL_BACKGROUND_2.png */,
			);
			path = GameArt;
			sourceTree = "<group>";
		};
		334DFC9523D2524E00D5E6FE /* Scripts */ = {
			isa = PBXGroup;
			children = (
				5183793A23CDEE1300720471 /* AppDelegate.swift */,
				5183793C23CDEE1300720471 /* ViewController.swift */,
				5183794E23CE5FE500720471 /* treeViewController.swift */,
				51A604AF23D120E700E40900 /* endScreenController.swift */,
				334DFC9F23D2B6A900D5E6FE /* AudioManager.swift */,
			);
			path = Scripts;
			sourceTree = "<group>";
		};
		334DFC9A23D254C600D5E6FE /* Music */ = {
			isa = PBXGroup;
			children = (
				334DFCB223D3D34300D5E6FE /* RightLetter.wav */,
				334DFCA723D3C91600D5E6FE /* YouLoseSong.wav */,
				334DFCA523D3B44B00D5E6FE /* YouWinSong.wav */,
				334DFCA223D3656200D5E6FE /* LoseApple.wav */,
				334DFC9623D254BD00D5E6FE /* AppelationMainTheme.wav */,
			);
			path = Music;
			sourceTree = "<group>";
		};
		5183792E23CDEE1300720471 = {
			isa = PBXGroup;
			children = (
				5183793923CDEE1300720471 /* UpsetTheAppleTree */,
				5183793823CDEE1300720471 /* Products */,
			);
			sourceTree = "<group>";
		};
		5183793823CDEE1300720471 /* Products */ = {
			isa = PBXGroup;
			children = (
				5183793723CDEE1300720471 /* UpsetTheAppleTree.app */,
			);
			name = Products;
			sourceTree = "<group>";
		};
		5183793923CDEE1300720471 /* UpsetTheAppleTree */ = {
			isa = PBXGroup;
			children = (
				334DFC9523D2524E00D5E6FE /* Scripts */,
				334DFC9423D2522000D5E6FE /* GameArt */,
				334DFC9A23D254C600D5E6FE /* Music */,
				5183793E23CDEE1300720471 /* Main.storyboard */,
				33676BFF23D64EFF00962923 /* ENLARGED_WIN_SCREEN_2.png */,
				5183794323CDEE2300720471 /* LaunchScreen.storyboard */,
				5183794123CDEE2300720471 /* Assets.xcassets */,
				5183794623CDEE2300720471 /* Info.plist */,
			);
			path = UpsetTheAppleTree;
			sourceTree = "<group>";
		};
/* End PBXGroup section */

/* Begin PBXNativeTarget section */
		5183793623CDEE1300720471 /* UpsetTheAppleTree */ = {
			isa = PBXNativeTarget;
			buildConfigurationList = 5183794923CDEE2300720471 /* Build configuration list for PBXNativeTarget "UpsetTheAppleTree" */;
			buildPhases = (
				5183793323CDEE1300720471 /* Sources */,
				5183793423CDEE1300720471 /* Frameworks */,
				5183793523CDEE1300720471 /* Resources */,
			);
			buildRules = (
			);
			dependencies = (
			);
			name = UpsetTheAppleTree;
			productName = UpsetTheAppleTree;
			productReference = 5183793723CDEE1300720471 /* UpsetTheAppleTree.app */;
			productType = "com.apple.product-type.application";
		};
/* End PBXNativeTarget section */

/* Begin PBXProject section */
		5183792F23CDEE1300720471 /* Project object */ = {
			isa = PBXProject;
			attributes = {
				LastSwiftUpdateCheck = 1030;
				LastUpgradeCheck = 1030;
				ORGANIZATIONNAME = "Bigham, Elijah";
				TargetAttributes = {
					5183793623CDEE1300720471 = {
						CreatedOnToolsVersion = 10.3;
					};
				};
			};
			buildConfigurationList = 5183793223CDEE1300720471 /* Build configuration list for PBXProject "UpsetTheAppleTree" */;
			compatibilityVersion = "Xcode 9.3";
			developmentRegion = en;
			hasScannedForEncodings = 0;
			knownRegions = (
				en,
				Base,
			);
			mainGroup = 5183792E23CDEE1300720471;
			productRefGroup = 5183793823CDEE1300720471 /* Products */;
			projectDirPath = "";
			projectRoot = "";
			targets = (
				5183793623CDEE1300720471 /* UpsetTheAppleTree */,
			);
		};
/* End PBXProject section */

/* Begin PBXResourcesBuildPhase section */
		5183793523CDEE1300720471 /* Resources */ = {
			isa = PBXResourcesBuildPhase;
			buildActionMask = 2147483647;
			files = (
				334DFCA623D3B44B00D5E6FE /* YouWinSong.wav in Resources */,
				334DFC8323D0D54F00D5E6FE /* FINAL_BACKGROUND.png in Resources */,
				5183794523CDEE2300720471 /* LaunchScreen.storyboard in Resources */,
				33676C0023D64EFF00962923 /* ENLARGED_WIN_SCREEN_2.png in Resources */,
				334DFC8F23D217DC00D5E6FE /* LOADING_SCREEN.png in Resources */,
				334DFC8223D0D54F00D5E6FE /* Apple.png in Resources */,
				334DFC8523D0E74A00D5E6FE /* FINAL_BACKGROUND_2.png in Resources */,
				334DFC7F23D0D54F00D5E6FE /* Background.png in Resources */,
				5183794223CDEE2300720471 /* Assets.xcassets in Resources */,
				334DFC8D23D216E500D5E6FE /* APP_ICON_2.png in Resources */,
				334DFCB323D3D34300D5E6FE /* RightLetter.wav in Resources */,
				334DFC9823D254BE00D5E6FE /* AppelationMainTheme.wav in Resources */,
				334DFC8123D0D54F00D5E6FE /* Tree.png in Resources */,
				334DFC8023D0D54F00D5E6FE /* Background_2.png in Resources */,
				334DFC8723D1503700D5E6FE /* YOU_LOSE.png in Resources */,
				334DFC8923D15C3B00D5E6FE /* YOU_WIN.png in Resources */,
				334DFCA423D3656200D5E6FE /* LoseApple.wav in Resources */,
				334DFC9C23D2712000D5E6FE /* CATEGORY_PICKER_2.png in Resources */,
				334DFC9E23D2B21300D5E6FE /* CATEGORY_PICKER_3.png in Resources */,
				5183794023CDEE1300720471 /* Main.storyboard in Resources */,
				334DFC8B23D16C2D00D5E6FE /* APPLICATION_ICON.png in Resources */,
				334DFCA823D3C91600D5E6FE /* YouLoseSong.wav in Resources */,
				334DFC9123D2188200D5E6FE /* CATEGORY_PICKER.png in Resources */,
			);
			runOnlyForDeploymentPostprocessing = 0;
		};
/* End PBXResourcesBuildPhase section */

/* Begin PBXSourcesBuildPhase section */
		5183793323CDEE1300720471 /* Sources */ = {
			isa = PBXSourcesBuildPhase;
			buildActionMask = 2147483647;
			files = (
				5183794F23CE5FE500720471 /* treeViewController.swift in Sources */,
				5183793D23CDEE1300720471 /* ViewController.swift in Sources */,
				5183793B23CDEE1300720471 /* AppDelegate.swift in Sources */,
				334DFCA023D2B6A900D5E6FE /* AudioManager.swift in Sources */,
				51A604B023D120E800E40900 /* endScreenController.swift in Sources */,
			);
			runOnlyForDeploymentPostprocessing = 0;
		};
/* End PBXSourcesBuildPhase section */

/* Begin PBXVariantGroup section */
		5183793E23CDEE1300720471 /* Main.storyboard */ = {
			isa = PBXVariantGroup;
			children = (
				5183793F23CDEE1300720471 /* Base */,
			);
			name = Main.storyboard;
			sourceTree = "<group>";
		};
		5183794323CDEE2300720471 /* LaunchScreen.storyboard */ = {
			isa = PBXVariantGroup;
			children = (
				5183794423CDEE2300720471 /* Base */,
			);
			name = LaunchScreen.storyboard;
			sourceTree = "<group>";
		};
/* End PBXVariantGroup section */

/* Begin XCBuildConfiguration section */
		5183794723CDEE2300720471 /* Debug */ = {
			isa = XCBuildConfiguration;
			buildSettings = {
				ALWAYS_SEARCH_USER_PATHS = NO;
				CLANG_ANALYZER_NONNULL = YES;
				CLANG_ANALYZER_NUMBER_OBJECT_CONVERSION = YES_AGGRESSIVE;
				CLANG_CXX_LANGUAGE_STANDARD = "gnu++14";
				CLANG_CXX_LIBRARY = "libc++";
				CLANG_ENABLE_MODULES = YES;
				CLANG_ENABLE_OBJC_ARC = YES;
				CLANG_ENABLE_OBJC_WEAK = YES;
				CLANG_WARN_BLOCK_CAPTURE_AUTORELEASING = YES;
				CLANG_WARN_BOOL_CONVERSION = YES;
				CLANG_WARN_COMMA = YES;
				CLANG_WARN_CONSTANT_CONVERSION = YES;
				CLANG_WARN_DEPRECATED_OBJC_IMPLEMENTATIONS = YES;
				CLANG_WARN_DIRECT_OBJC_ISA_USAGE = YES_ERROR;
				CLANG_WARN_DOCUMENTATION_COMMENTS = YES;
				CLANG_WARN_EMPTY_BODY = YES;
				CLANG_WARN_ENUM_CONVERSION = YES;
				CLANG_WARN_INFINITE_RECURSION = YES;
				CLANG_WARN_INT_CONVERSION = YES;
				CLANG_WARN_NON_LITERAL_NULL_CONVERSION = YES;
				CLANG_WARN_OBJC_IMPLICIT_RETAIN_SELF = YES;
				CLANG_WARN_OBJC_LITERAL_CONVERSION = YES;
				CLANG_WARN_OBJC_ROOT_CLASS = YES_ERROR;
				CLANG_WARN_RANGE_LOOP_ANALYSIS = YES;
				CLANG_WARN_STRICT_PROTOTYPES = YES;
				CLANG_WARN_SUSPICIOUS_MOVE = YES;
				CLANG_WARN_UNGUARDED_AVAILABILITY = YES_AGGRESSIVE;
				CLANG_WARN_UNREACHABLE_CODE = YES;
				CLANG_WARN__DUPLICATE_METHOD_MATCH = YES;
				CODE_SIGN_IDENTITY = "iPhone Developer";
				COPY_PHASE_STRIP = NO;
				DEBUG_INFORMATION_FORMAT = dwarf;
				ENABLE_STRICT_OBJC_MSGSEND = YES;
				ENABLE_TESTABILITY = YES;
				GCC_C_LANGUAGE_STANDARD = gnu11;
				GCC_DYNAMIC_NO_PIC = NO;
				GCC_NO_COMMON_BLOCKS = YES;
				GCC_OPTIMIZATION_LEVEL = 0;
				GCC_PREPROCESSOR_DEFINITIONS = (
					"DEBUG=1",
					"$(inherited)",
				);
				GCC_WARN_64_TO_32_BIT_CONVERSION = YES;
				GCC_WARN_ABOUT_RETURN_TYPE = YES_ERROR;
				GCC_WARN_UNDECLARED_SELECTOR = YES;
				GCC_WARN_UNINITIALIZED_AUTOS = YES_AGGRESSIVE;
				GCC_WARN_UNUSED_FUNCTION = YES;
				GCC_WARN_UNUSED_VARIABLE = YES;
				IPHONEOS_DEPLOYMENT_TARGET = 12.4;
				MTL_ENABLE_DEBUG_INFO = INCLUDE_SOURCE;
				MTL_FAST_MATH = YES;
				ONLY_ACTIVE_ARCH = YES;
				SDKROOT = iphoneos;
				SWIFT_ACTIVE_COMPILATION_CONDITIONS = DEBUG;
				SWIFT_OPTIMIZATION_LEVEL = "-Onone";
			};
			name = Debug;
		};
		5183794823CDEE2300720471 /* Release */ = {
			isa = XCBuildConfiguration;
			buildSettings = {
				ALWAYS_SEARCH_USER_PATHS = NO;
				CLANG_ANALYZER_NONNULL = YES;
				CLANG_ANALYZER_NUMBER_OBJECT_CONVERSION = YES_AGGRESSIVE;
				CLANG_CXX_LANGUAGE_STANDARD = "gnu++14";
				CLANG_CXX_LIBRARY = "libc++";
				CLANG_ENABLE_MODULES = YES;
				CLANG_ENABLE_OBJC_ARC = YES;
				CLANG_ENABLE_OBJC_WEAK = YES;
				CLANG_WARN_BLOCK_CAPTURE_AUTORELEASING = YES;
				CLANG_WARN_BOOL_CONVERSION = YES;
				CLANG_WARN_COMMA = YES;
				CLANG_WARN_CONSTANT_CONVERSION = YES;
				CLANG_WARN_DEPRECATED_OBJC_IMPLEMENTATIONS = YES;
				CLANG_WARN_DIRECT_OBJC_ISA_USAGE = YES_ERROR;
				CLANG_WARN_DOCUMENTATION_COMMENTS = YES;
				CLANG_WARN_EMPTY_BODY = YES;
				CLANG_WARN_ENUM_CONVERSION = YES;
				CLANG_WARN_INFINITE_RECURSION = YES;
				CLANG_WARN_INT_CONVERSION = YES;
				CLANG_WARN_NON_LITERAL_NULL_CONVERSION = YES;
				CLANG_WARN_OBJC_IMPLICIT_RETAIN_SELF = YES;
				CLANG_WARN_OBJC_LITERAL_CONVERSION = YES;
				CLANG_WARN_OBJC_ROOT_CLASS = YES_ERROR;
				CLANG_WARN_RANGE_LOOP_ANALYSIS = YES;
				CLANG_WARN_STRICT_PROTOTYPES = YES;
				CLANG_WARN_SUSPICIOUS_MOVE = YES;
				CLANG_WARN_UNGUARDED_AVAILABILITY = YES_AGGRESSIVE;
				CLANG_WARN_UNREACHABLE_CODE = YES;
				CLANG_WARN__DUPLICATE_METHOD_MATCH = YES;
				CODE_SIGN_IDENTITY = "iPhone Developer";
				COPY_PHASE_STRIP = NO;
				DEBUG_INFORMATION_FORMAT = "dwarf-with-dsym";
				ENABLE_NS_ASSERTIONS = NO;
				ENABLE_STRICT_OBJC_MSGSEND = YES;
				GCC_C_LANGUAGE_STANDARD = gnu11;
				GCC_NO_COMMON_BLOCKS = YES;
				GCC_WARN_64_TO_32_BIT_CONVERSION = YES;
				GCC_WARN_ABOUT_RETURN_TYPE = YES_ERROR;
				GCC_WARN_UNDECLARED_SELECTOR = YES;
				GCC_WARN_UNINITIALIZED_AUTOS = YES_AGGRESSIVE;
				GCC_WARN_UNUSED_FUNCTION = YES;
				GCC_WARN_UNUSED_VARIABLE = YES;
				IPHONEOS_DEPLOYMENT_TARGET = 12.4;
				MTL_ENABLE_DEBUG_INFO = NO;
				MTL_FAST_MATH = YES;
				SDKROOT = iphoneos;
				SWIFT_COMPILATION_MODE = wholemodule;
				SWIFT_OPTIMIZATION_LEVEL = "-O";
				VALIDATE_PRODUCT = YES;
			};
			name = Release;
		};
		5183794A23CDEE2300720471 /* Debug */ = {
			isa = XCBuildConfiguration;
			buildSettings = {
				ASSETCATALOG_COMPILER_APPICON_NAME = AppIcon;
				CODE_SIGN_STYLE = Automatic;
				DEVELOPMENT_TEAM = F76G2TCTWH;
				INFOPLIST_FILE = UpsetTheAppleTree/Info.plist;
				LD_RUNPATH_SEARCH_PATHS = (
					"$(inherited)",
					"@executable_path/Frameworks",
				);
				PRODUCT_BUNDLE_IDENTIFIER = com.GreenHam.UpsetTheAppleTree;
				PRODUCT_NAME = "$(TARGET_NAME)";
				SWIFT_VERSION = 5.0;
				TARGETED_DEVICE_FAMILY = "1,2";
			};
			name = Debug;
		};
		5183794B23CDEE2300720471 /* Release */ = {
			isa = XCBuildConfiguration;
			buildSettings = {
				ASSETCATALOG_COMPILER_APPICON_NAME = AppIcon;
				CODE_SIGN_STYLE = Automatic;
				DEVELOPMENT_TEAM = F76G2TCTWH;
				INFOPLIST_FILE = UpsetTheAppleTree/Info.plist;
				LD_RUNPATH_SEARCH_PATHS = (
					"$(inherited)",
					"@executable_path/Frameworks",
				);
				PRODUCT_BUNDLE_IDENTIFIER = com.GreenHam.UpsetTheAppleTree;
				PRODUCT_NAME = "$(TARGET_NAME)";
				SWIFT_VERSION = 5.0;
				TARGETED_DEVICE_FAMILY = "1,2";
			};
			name = Release;
		};
/* End XCBuildConfiguration section */

/* Begin XCConfigurationList section */
		5183793223CDEE1300720471 /* Build configuration list for PBXProject "UpsetTheAppleTree" */ = {
			isa = XCConfigurationList;
			buildConfigurations = (
				5183794723CDEE2300720471 /* Debug */,
				5183794823CDEE2300720471 /* Release */,
			);
			defaultConfigurationIsVisible = 0;
			defaultConfigurationName = Release;
		};
		5183794923CDEE2300720471 /* Build configuration list for PBXNativeTarget "UpsetTheAppleTree" */ = {
			isa = XCConfigurationList;
			buildConfigurations = (
				5183794A23CDEE2300720471 /* Debug */,
				5183794B23CDEE2300720471 /* Release */,
			);
			defaultConfigurationIsVisible = 0;
			defaultConfigurationName = Release;
		};
/* End XCConfigurationList section */
	};
	rootObject = 5183792F23CDEE1300720471 /* Project object */;
}
